
Microsoft Visual Studio Solution File, Format Version 12.00
# Visual Studio Version 16
VisualStudioVersion = 16.0.30320.27
MinimumVisualStudioVersion = 10.0.40219.1
Project("{FAE04EC0-301F-11D3-BF4B-00C04F79EFBC}") = "MeditrainSouth", "MeditrainSouth\MeditrainSouth.csproj", "{96ECD09F-0F71-40E1-82EE-3936152C0046}"
EndProject
Global
	GlobalSection(SolutionConfigurationPlatforms) = preSolution
		Debug|Any CPU = Debug|Any CPU
		Release|Any CPU = Release|Any CPU
	EndGlobalSection
	GlobalSection(ProjectConfigurationPlatforms) = postSolution
		{96ECD09F-0F71-40E1-82EE-3936152C0046}.Debug|Any CPU.ActiveCfg = Debug|Any CPU
		{96ECD09F-0F71-40E1-82EE-3936152C0046}.Debug|Any CPU.Build.0 = Debug|Any CPU
		{96ECD09F-0F71-40E1-82EE-3936152C0046}.Release|Any CPU.ActiveCfg = Release|Any CPU
		{96ECD09F-0F71-40E1-82EE-3936152C0046}.Release|Any CPU.Build.0 = Release|Any CPU
	EndGlobalSection
	GlobalSection(SolutionProperties) = preSolution
		HideSolutionNode = FALSE
	EndGlobalSection
	GlobalSection(ExtensibilityGlobals) = postSolution
		SolutionGuid = {86445D80-14E9-4778-8AE5-04B37083B332}
	EndGlobalSection
EndGlobal
